{
    "name": "@rostixman/my-npm-pckg-demo",
    "version": "1.0.24",
    "lockfileVersion": 2,
    "requires": true,
    "packages": {
        "": {
            "name": "@rostixman/my-npm-pckg-demo",
            "version": "1.0.24",
            "license": "MIT",
            "dependencies": {
                "mmr-gl": "0.0.58"
            },
            "devDependencies": {}
        },
        "node_modules/mmr-gl": {
            "version": "0.0.58",
            "license": "SEE LICENSE IN LICENSE.txt"
        }
    },
    "dependencies": {
        "mmr-gl": {
            "version": "0.0.58"
        }
    }
}
