# THIS IS AN AUTOGENERATED FILE. DO NOT EDIT THIS FILE DIRECTLY.
# yarn lockfile v1


mmr-gl@0.0.58:
  version "0.0.58"
  resolved "https://registry.yarnpkg.com/mmr-gl/-/mmr-gl-0.0.58.tgz#4322f9eed86237d3b0ac9f6abf5e0ad3fe05e1a6"
  integrity sha512-QyjQYiq4/N5B1rjXLZp80yqufM3xVMPCCCKCtCv7BlXkS2xRG2p7YNgy9PUPavRXbzynrZEHmZZ2iDSgvC6tnw==
